
Microsoft Visual Studio Solution File, Format Version 12.00
# Visual Studio 15
VisualStudioVersion = 15.0.27130.2036
MinimumVisualStudioVersion = 10.0.40219.1
Project("{F184B08F-C81C-45F6-A57F-5ABD9991F28F}") = "SimpleEncryption", "SimpleEncryption\SimpleEncryption.vbproj", "{1BA09489-7C61-423E-AFB2-F25F5936FC60}"
EndProject
Global
	GlobalSection(SolutionConfigurationPlatforms) = preSolution
		Debug|Any CPU = Debug|Any CPU
		Release|Any CPU = Release|Any CPU
	EndGlobalSection
	GlobalSection(ProjectConfigurationPlatforms) = postSolution
		{1BA09489-7C61-423E-AFB2-F25F5936FC60}.Debug|Any CPU.ActiveCfg = Debug|Any CPU
		{1BA09489-7C61-423E-AFB2-F25F5936FC60}.Debug|Any CPU.Build.0 = Debug|Any CPU
		{1BA09489-7C61-423E-AFB2-F25F5936FC60}.Release|Any CPU.ActiveCfg = Release|Any CPU
		{1BA09489-7C61-423E-AFB2-F25F5936FC60}.Release|Any CPU.Build.0 = Release|Any CPU
	EndGlobalSection
	GlobalSection(SolutionProperties) = preSolution
		HideSolutionNode = FALSE
	EndGlobalSection
	GlobalSection(ExtensibilityGlobals) = postSolution
		SolutionGuid = {F8A66C0D-2CBE-4CDA-83BE-B853F19DD7CB}
	EndGlobalSection
EndGlobal
